{
  "lockfile_version": "1",
  "packages": {
    "asdf-vm@latest": {
      "last_modified": "2024-10-13T23:44:06Z",
      "resolved": "github:NixOS/nixpkgs/d4f247e89f6e10120f911e2e2d2254a050d0f732#asdf-vm",
      "source": "devbox-search",
      "version": "0.14.1",
      "systems": {
        "aarch64-darwin": {
          "outputs": [
            {
              "name": "out",
              "path": "/nix/store/zm15kwanfrysa37hs4wsmn9cznwljlm9-asdf-vm-0.14.1",
              "default": true
            }
          ],
          "store_path": "/nix/store/zm15kwanfrysa37hs4wsmn9cznwljlm9-asdf-vm-0.14.1"
        },
        "aarch64-linux": {
          "outputs": [
            {
              "name": "out",
              "path": "/nix/store/pvm0civ14gvfd2ajgzrby9yl3g8q22lv-asdf-vm-0.14.1",
              "default": true
            }
          ],
          "store_path": "/nix/store/pvm0civ14gvfd2ajgzrby9yl3g8q22lv-asdf-vm-0.14.1"
        },
        "x86_64-darwin": {
          "outputs": [
            {
              "name": "out",
              "path": "/nix/store/jrnv1rzpzs1z9j8cxij2w38a74kqnf9s-asdf-vm-0.14.1",
              "default": true
            }
          ],
          "store_path": "/nix/store/jrnv1rzpzs1z9j8cxij2w38a74kqnf9s-asdf-vm-0.14.1"
        },
        "x86_64-linux": {
          "outputs": [
            {
              "name": "out",
              "path": "/nix/store/cf217nnz6l00ifjaabkd7izl93jzw09f-asdf-vm-0.14.1",
              "default": true
            }
          ],
          "store_path": "/nix/store/cf217nnz6l00ifjaabkd7izl93jzw09f-asdf-vm-0.14.1"
        }
      }
    },
    "git@latest": {
      "last_modified": "2024-10-13T23:44:06Z",
      "resolved": "github:NixOS/nixpkgs/d4f247e89f6e10120f911e2e2d2254a050d0f732#git",
      "source": "devbox-search",
      "version": "2.46.1",
      "systems": {
        "aarch64-darwin": {
          "outputs": [
            {
              "name": "out",
              "path": "/nix/store/fzsjyd9wxiymv5j38f1igk99660hi4vl-git-2.46.1",
              "default": true
            },
            {
              "name": "doc",
              "path": "/nix/store/9i3j85b675c29xwmyg7bvaxs2jbqn4gx-git-2.46.1-doc"
            }
          ],
          "store_path": "/nix/store/fzsjyd9wxiymv5j38f1igk99660hi4vl-git-2.46.1"
        },
        "aarch64-linux": {
          "outputs": [
            {
              "name": "out",
              "path": "/nix/store/qmdn10127g14bb1v5h5qpckcm6n9m8ms-git-2.46.1",
              "default": true
            },
            {
              "name": "debug",
              "path": "/nix/store/qgm6gdx0ic216alm4kl7lyyd5k74gn1p-git-2.46.1-debug"
            },
            {
              "name": "doc",
              "path": "/nix/store/ngyj5imnlagsj5avqgc3f65iz9pffqjm-git-2.46.1-doc"
            }
          ],
          "store_path": "/nix/store/qmdn10127g14bb1v5h5qpckcm6n9m8ms-git-2.46.1"
        },
        "x86_64-darwin": {
          "outputs": [
            {
              "name": "out",
              "path": "/nix/store/n4s67bnpyvxqj51fhj57gxn7f8n1v6wk-git-2.46.1",
              "default": true
            },
            {
              "name": "doc",
              "path": "/nix/store/vhiqrx6ka20krpi255vk99iac98zr3sb-git-2.46.1-doc"
            }
          ],
          "store_path": "/nix/store/n4s67bnpyvxqj51fhj57gxn7f8n1v6wk-git-2.46.1"
        },
        "x86_64-linux": {
          "outputs": [
            {
              "name": "out",
              "path": "/nix/store/zmmhkn7ndfskwk2mfqn9nzmv9y699lms-git-2.46.1",
              "default": true
            },
            {
              "name": "debug",
              "path": "/nix/store/n5i11ch2x778v95wnbg56mlc9rc8xsjn-git-2.46.1-debug"
            },
            {
              "name": "doc",
              "path": "/nix/store/9xdnzfl42isjgsn1mnxyjdmspakf8ayi-git-2.46.1-doc"
            }
          ],
          "store_path": "/nix/store/zmmhkn7ndfskwk2mfqn9nzmv9y699lms-git-2.46.1"
        }
      }
    },
    "gnumake@latest": {
      "last_modified": "2024-10-13T23:44:06Z",
      "resolved": "github:NixOS/nixpkgs/d4f247e89f6e10120f911e2e2d2254a050d0f732#gnumake",
      "source": "devbox-search",
      "version": "4.4.1",
      "systems": {
        "aarch64-darwin": {
          "outputs": [
            {
              "name": "out",
              "path": "/nix/store/xqd18p6bfh63xgy6r27ryj43m05sygfd-gnumake-4.4.1",
              "default": true
            },
            {
              "name": "man",
              "path": "/nix/store/rh9jd0cb2nffh6f98pi1cdi2iixca7i7-gnumake-4.4.1-man",
              "default": true
            },
            {
              "name": "info",
              "path": "/nix/store/zh15911aagmnppcm5f1pv3jaqp1lcn88-gnumake-4.4.1-info"
            }
          ],
          "store_path": "/nix/store/xqd18p6bfh63xgy6r27ryj43m05sygfd-gnumake-4.4.1"
        },
        "aarch64-linux": {
          "outputs": [
            {
              "name": "out",
              "path": "/nix/store/7vavvidkcwpkcv7vl2k695w1sj3d0v6d-gnumake-4.4.1",
              "default": true
            },
            {
              "name": "man",
              "path": "/nix/store/xg73m3ymam05ing6fiz336lv88x5iilb-gnumake-4.4.1-man",
              "default": true
            },
            {
              "name": "debug",
              "path": "/nix/store/kpa131lv51q4sy4156szlbnjkjbbl6wa-gnumake-4.4.1-debug"
            },
            {
              "name": "info",
              "path": "/nix/store/gsxac0p40xmzdhj64y7587p7z1r0l5my-gnumake-4.4.1-info"
            }
          ],
          "store_path": "/nix/store/7vavvidkcwpkcv7vl2k695w1sj3d0v6d-gnumake-4.4.1"
        },
        "x86_64-darwin": {
          "outputs": [
            {
              "name": "out",
              "path": "/nix/store/1f90m5f11kfyyg198qblv1x7blycfvfd-gnumake-4.4.1",
              "default": true
            },
            {
              "name": "man",
              "path": "/nix/store/rd7fdldb5rax7qfz9bm2xci86qkg41n4-gnumake-4.4.1-man",
              "default": true
            },
            {
              "name": "info",
              "path": "/nix/store/v3wv3dyvqfyjjnibpd51hll279wgq7xr-gnumake-4.4.1-info"
            }
          ],
          "store_path": "/nix/store/1f90m5f11kfyyg198qblv1x7blycfvfd-gnumake-4.4.1"
        },
        "x86_64-linux": {
          "outputs": [
            {
              "name": "out",
              "path": "/nix/store/w44ahngg3y69rpq62f4agzl747y872as-gnumake-4.4.1",
              "default": true
            },
            {
              "name": "man",
              "path": "/nix/store/pqfxsx89dr0pywim8cc18cgm67cld692-gnumake-4.4.1-man",
              "default": true
            },
            {
              "name": "info",
              "path": "/nix/store/00gsp1x5r22pkl8zszl7fgfknmshrqs9-gnumake-4.4.1-info"
            },
            {
              "name": "debug",
              "path": "/nix/store/651fp76vcmw4kzrmpinszwkk6jn8d4y3-gnumake-4.4.1-debug"
            }
          ],
          "store_path": "/nix/store/w44ahngg3y69rpq62f4agzl747y872as-gnumake-4.4.1"
        }
      }
    },
    "go-task@latest": {
      "last_modified": "2024-10-13T23:44:06Z",
      "resolved": "github:NixOS/nixpkgs/d4f247e89f6e10120f911e2e2d2254a050d0f732#go-task",
      "source": "devbox-search",
      "version": "3.39.2",
      "systems": {
        "aarch64-darwin": {
          "outputs": [
            {
              "name": "out",
              "path": "/nix/store/aqcr7jv0m2s8nz481ay310i0dh4mbj48-go-task-3.39.2",
              "default": true
            }
          ],
          "store_path": "/nix/store/aqcr7jv0m2s8nz481ay310i0dh4mbj48-go-task-3.39.2"
        },
        "aarch64-linux": {
          "outputs": [
            {
              "name": "out",
              "path": "/nix/store/08haalp24y68v0krddls5c18hcl6n80p-go-task-3.39.2",
              "default": true
            }
          ],
          "store_path": "/nix/store/08haalp24y68v0krddls5c18hcl6n80p-go-task-3.39.2"
        },
        "x86_64-darwin": {
          "outputs": [
            {
              "name": "out",
              "path": "/nix/store/n6qmzm7h0vdj87qz3bfay17cfrhm3bki-go-task-3.39.2",
              "default": true
            }
          ],
          "store_path": "/nix/store/n6qmzm7h0vdj87qz3bfay17cfrhm3bki-go-task-3.39.2"
        },
        "x86_64-linux": {
          "outputs": [
            {
              "name": "out",
              "path": "/nix/store/sxlbgmc56mkv64rn772rczpin8vjn6lp-go-task-3.39.2",
              "default": true
            }
          ],
          "store_path": "/nix/store/sxlbgmc56mkv64rn772rczpin8vjn6lp-go-task-3.39.2"
        }
      }
    },
    "uv@latest": {
      "last_modified": "2024-10-30T07:09:13Z",
      "resolved": "github:NixOS/nixpkgs/2d2a9ddbe3f2c00747398f3dc9b05f7f2ebb0f53#uv",
      "source": "devbox-search",
      "version": "0.4.28",
      "systems": {
        "aarch64-darwin": {
          "outputs": [
            {
              "name": "out",
              "path": "/nix/store/2372ix9c6ixsf8fhgmfshligifidlv7l-uv-0.4.28",
              "default": true
            },
            {
              "name": "dist",
              "path": "/nix/store/p32jmmjcf4p7hgpfs77qg2skc2rid08h-uv-0.4.28-dist"
            }
          ],
          "store_path": "/nix/store/2372ix9c6ixsf8fhgmfshligifidlv7l-uv-0.4.28"
        },
        "aarch64-linux": {
          "outputs": [
            {
              "name": "out",
              "path": "/nix/store/8q86y9kkkw4zk9an9sn9f80jnl0g19km-uv-0.4.28",
              "default": true
            },
            {
              "name": "dist",
              "path": "/nix/store/nkvla2sq2rfw9sl46bj0g4pa22a87nny-uv-0.4.28-dist"
            }
          ],
          "store_path": "/nix/store/8q86y9kkkw4zk9an9sn9f80jnl0g19km-uv-0.4.28"
        },
        "x86_64-darwin": {
          "outputs": [
            {
              "name": "out",
              "path": "/nix/store/axk20jlml3sjhsx6s5r5s9vrcjg6d3d8-uv-0.4.28",
              "default": true
            },
            {
              "name": "dist",
              "path": "/nix/store/bbaqirz7icpzahb3a7pwwr1zm2g782r8-uv-0.4.28-dist"
            }
          ],
          "store_path": "/nix/store/axk20jlml3sjhsx6s5r5s9vrcjg6d3d8-uv-0.4.28"
        },
        "x86_64-linux": {
          "outputs": [
            {
              "name": "out",
              "path": "/nix/store/k9sahxln0yv4xf627q1p6gyl9whl9am1-uv-0.4.28",
              "default": true
            },
            {
              "name": "dist",
              "path": "/nix/store/830nfym9dr369bgbsb2q2nma1gkm2d5r-uv-0.4.28-dist"
            }
          ],
          "store_path": "/nix/store/k9sahxln0yv4xf627q1p6gyl9whl9am1-uv-0.4.28"
        }
      }
    }
  }
}
